
Microsoft Visual Studio Solution File, Format Version 12.00
# Visual Studio Version 16
VisualStudioVersion = 16.0.30114.105
MinimumVisualStudioVersion = 10.0.40219.1
Project("{FAE04EC0-301F-11D3-BF4B-00C04F79EFBC}") = "API", "API\API.csproj", "{7F55BE0A-8D7F-4C5A-B88E-C212C4183D5F}"
EndProject
Project("{FAE04EC0-301F-11D3-BF4B-00C04F79EFBC}") = "Application", "Application\Application.csproj", "{068918AF-7CA3-4A8B-A5E3-19DC38A7C3C0}"
EndProject
Project("{FAE04EC0-301F-11D3-BF4B-00C04F79EFBC}") = "Domain", "Domain\Domain.csproj", "{63675607-F18C-4CD7-87E6-318C6E66D8F7}"
EndProject
Project("{FAE04EC0-301F-11D3-BF4B-00C04F79EFBC}") = "Persistance", "Persistance\Persistance.csproj", "{776580E1-A0C0-4BF0-BF34-E1D010A10DC9}"
EndProject
Global
	GlobalSection(SolutionConfigurationPlatforms) = preSolution
		Debug|Any CPU = Debug|Any CPU
		Release|Any CPU = Release|Any CPU
	EndGlobalSection
	GlobalSection(SolutionProperties) = preSolution
		HideSolutionNode = FALSE
	EndGlobalSection
	GlobalSection(ProjectConfigurationPlatforms) = postSolution
		{7F55BE0A-8D7F-4C5A-B88E-C212C4183D5F}.Debug|Any CPU.ActiveCfg = Debug|Any CPU
		{7F55BE0A-8D7F-4C5A-B88E-C212C4183D5F}.Debug|Any CPU.Build.0 = Debug|Any CPU
		{7F55BE0A-8D7F-4C5A-B88E-C212C4183D5F}.Release|Any CPU.ActiveCfg = Release|Any CPU
		{7F55BE0A-8D7F-4C5A-B88E-C212C4183D5F}.Release|Any CPU.Build.0 = Release|Any CPU
		{068918AF-7CA3-4A8B-A5E3-19DC38A7C3C0}.Debug|Any CPU.ActiveCfg = Debug|Any CPU
		{068918AF-7CA3-4A8B-A5E3-19DC38A7C3C0}.Debug|Any CPU.Build.0 = Debug|Any CPU
		{068918AF-7CA3-4A8B-A5E3-19DC38A7C3C0}.Release|Any CPU.ActiveCfg = Release|Any CPU
		{068918AF-7CA3-4A8B-A5E3-19DC38A7C3C0}.Release|Any CPU.Build.0 = Release|Any CPU
		{63675607-F18C-4CD7-87E6-318C6E66D8F7}.Debug|Any CPU.ActiveCfg = Debug|Any CPU
		{63675607-F18C-4CD7-87E6-318C6E66D8F7}.Debug|Any CPU.Build.0 = Debug|Any CPU
		{63675607-F18C-4CD7-87E6-318C6E66D8F7}.Release|Any CPU.ActiveCfg = Release|Any CPU
		{63675607-F18C-4CD7-87E6-318C6E66D8F7}.Release|Any CPU.Build.0 = Release|Any CPU
		{776580E1-A0C0-4BF0-BF34-E1D010A10DC9}.Debug|Any CPU.ActiveCfg = Debug|Any CPU
		{776580E1-A0C0-4BF0-BF34-E1D010A10DC9}.Debug|Any CPU.Build.0 = Debug|Any CPU
		{776580E1-A0C0-4BF0-BF34-E1D010A10DC9}.Release|Any CPU.ActiveCfg = Release|Any CPU
		{776580E1-A0C0-4BF0-BF34-E1D010A10DC9}.Release|Any CPU.Build.0 = Release|Any CPU
	EndGlobalSection
EndGlobal
